// !$*UTF8*$!
{
	archiveVersion = 1;
	classes = {
	};
	objectVersion = 56;
	objects = {

/* Begin PBXBuildFile section */
		50C327DB2988338200ED324F /* Navigation_StacksApp.swift in Sources */ = {isa = PBXBuildFile; fileRef = 50C327DA2988338200ED324F /* Navigation_StacksApp.swift */; };
		50C327DD2988338200ED324F /* ContentView.swift in Sources */ = {isa = PBXBuildFile; fileRef = 50C327DC2988338200ED324F /* ContentView.swift */; };
		50C327DF2988338300ED324F /* Assets.xcassets in Resources */ = {isa = PBXBuildFile; fileRef = 50C327DE2988338300ED324F /* Assets.xcassets */; };
		50C327E22988338300ED324F /* Preview Assets.xcassets in Resources */ = {isa = PBXBuildFile; fileRef = 50C327E12988338300ED324F /* Preview Assets.xcassets */; };
		50C327EC2988338300ED324F /* Navigation_StacksTests.swift in Sources */ = {isa = PBXBuildFile; fileRef = 50C327EB2988338300ED324F /* Navigation_StacksTests.swift */; };
		50C327F62988338300ED324F /* Navigation_StacksUITests.swift in Sources */ = {isa = PBXBuildFile; fileRef = 50C327F52988338300ED324F /* Navigation_StacksUITests.swift */; };
		50C327F82988338300ED324F /* Navigation_StacksUITestsLaunchTests.swift in Sources */ = {isa = PBXBuildFile; fileRef = 50C327F72988338300ED324F /* Navigation_StacksUITestsLaunchTests.swift */; };
/* End PBXBuildFile section */

/* Begin PBXContainerItemProxy section */
		50C327E82988338300ED324F /* PBXContainerItemProxy */ = {
			isa = PBXContainerItemProxy;
			containerPortal = 50C327CF2988338200ED324F /* Project object */;
			proxyType = 1;
			remoteGlobalIDString = 50C327D62988338200ED324F;
			remoteInfo = "Navigation Stacks";
		};
		50C327F22988338300ED324F /* PBXContainerItemProxy */ = {
			isa = PBXContainerItemProxy;
			containerPortal = 50C327CF2988338200ED324F /* Project object */;
			proxyType = 1;
			remoteGlobalIDString = 50C327D62988338200ED324F;
			remoteInfo = "Navigation Stacks";
		};
/* End PBXContainerItemProxy section */

/* Begin PBXFileReference section */
		50C327D72988338200ED324F /* Navigation Stacks.app */ = {isa = PBXFileReference; explicitFileType = wrapper.application; includeInIndex = 0; path = "Navigation Stacks.app"; sourceTree = BUILT_PRODUCTS_DIR; };
		50C327DA2988338200ED324F /* Navigation_StacksApp.swift */ = {isa = PBXFileReference; lastKnownFileType = sourcecode.swift; path = Navigation_StacksApp.swift; sourceTree = "<group>"; };
		50C327DC2988338200ED324F /* ContentView.swift */ = {isa = PBXFileReference; lastKnownFileType = sourcecode.swift; path = ContentView.swift; sourceTree = "<group>"; };
		50C327DE2988338300ED324F /* Assets.xcassets */ = {isa = PBXFileReference; lastKnownFileType = folder.assetcatalog; path = Assets.xcassets; sourceTree = "<group>"; };
		50C327E12988338300ED324F /* Preview Assets.xcassets */ = {isa = PBXFileReference; lastKnownFileType = folder.assetcatalog; path = "Preview Assets.xcassets"; sourceTree = "<group>"; };
		50C327E72988338300ED324F /* Navigation StacksTests.xctest */ = {isa = PBXFileReference; explicitFileType = wrapper.cfbundle; includeInIndex = 0; path = "Navigation StacksTests.xctest"; sourceTree = BUILT_PRODUCTS_DIR; };
		50C327EB2988338300ED324F /* Navigation_StacksTests.swift */ = {isa = PBXFileReference; lastKnownFileType = sourcecode.swift; path = Navigation_StacksTests.swift; sourceTree = "<group>"; };
		50C327F12988338300ED324F /* Navigation StacksUITests.xctest */ = {isa = PBXFileReference; explicitFileType = wrapper.cfbundle; includeInIndex = 0; path = "Navigation StacksUITests.xctest"; sourceTree = BUILT_PRODUCTS_DIR; };
		50C327F52988338300ED324F /* Navigation_StacksUITests.swift */ = {isa = PBXFileReference; lastKnownFileType = sourcecode.swift; path = Navigation_StacksUITests.swift; sourceTree = "<group>"; };
		50C327F72988338300ED324F /* Navigation_StacksUITestsLaunchTests.swift */ = {isa = PBXFileReference; lastKnownFileType = sourcecode.swift; path = Navigation_StacksUITestsLaunchTests.swift; sourceTree = "<group>"; };
/* End PBXFileReference section */

/* Begin PBXFrameworksBuildPhase section */
		50C327D42988338200ED324F /* Frameworks */ = {
			isa = PBXFrameworksBuildPhase;
			buildActionMask = 2147483647;
			files = (
			);
			runOnlyForDeploymentPostprocessing = 0;
		};
		50C327E42988338300ED324F /* Frameworks */ = {
			isa = PBXFrameworksBuildPhase;
			buildActionMask = 2147483647;
			files = (
			);
			runOnlyForDeploymentPostprocessing = 0;
		};
		50C327EE2988338300ED324F /* Frameworks */ = {
			isa = PBXFrameworksBuildPhase;
			buildActionMask = 2147483647;
			files = (
			);
			runOnlyForDeploymentPostprocessing = 0;
		};
/* End PBXFrameworksBuildPhase section */

/* Begin PBXGroup section */
		50C327CE2988338200ED324F = {
			isa = PBXGroup;
			children = (
				50C327D92988338200ED324F /* Navigation Stacks */,
				50C327EA2988338300ED324F /* Navigation StacksTests */,
				50C327F42988338300ED324F /* Navigation StacksUITests */,
				50C327D82988338200ED324F /* Products */,
			);
			sourceTree = "<group>";
		};
		50C327D82988338200ED324F /* Products */ = {
			isa = PBXGroup;
			children = (
				50C327D72988338200ED324F /* Navigation Stacks.app */,
				50C327E72988338300ED324F /* Navigation StacksTests.xctest */,
				50C327F12988338300ED324F /* Navigation StacksUITests.xctest */,
			);
			name = Products;
			sourceTree = "<group>";
		};
		50C327D92988338200ED324F /* Navigation Stacks */ = {
			isa = PBXGroup;
			children = (
				50C327DA2988338200ED324F /* Navigation_StacksApp.swift */,
				50C327DC2988338200ED324F /* ContentView.swift */,
				50C327DE2988338300ED324F /* Assets.xcassets */,
				50C327E02988338300ED324F /* Preview Content */,
			);
			path = "Navigation Stacks";
			sourceTree = "<group>";
		};
		50C327E02988338300ED324F /* Preview Content */ = {
			isa = PBXGroup;
			children = (
				50C327E12988338300ED324F /* Preview Assets.xcassets */,
			);
			path = "Preview Content";
			sourceTree = "<group>";
		};
		50C327EA2988338300ED324F /* Navigation StacksTests */ = {
			isa = PBXGroup;
			children = (
				50C327EB2988338300ED324F /* Navigation_StacksTests.swift */,
			);
			path = "Navigation StacksTests";
			sourceTree = "<group>";
		};
		50C327F42988338300ED324F /* Navigation StacksUITests */ = {
			isa = PBXGroup;
			children = (
				50C327F52988338300ED324F /* Navigation_StacksUITests.swift */,
				50C327F72988338300ED324F /* Navigation_StacksUITestsLaunchTests.swift */,
			);
			path = "Navigation StacksUITests";
			sourceTree = "<group>";
		};
/* End PBXGroup section */

/* Begin PBXNativeTarget section */
		50C327D62988338200ED324F /* Navigation Stacks */ = {
			isa = PBXNativeTarget;
			buildConfigurationList = 50C327FB2988338300ED324F /* Build configuration list for PBXNativeTarget "Navigation Stacks" */;
			buildPhases = (
				50C327D32988338200ED324F /* Sources */,
				50C327D42988338200ED324F /* Frameworks */,
				50C327D52988338200ED324F /* Resources */,
			);
			buildRules = (
			);
			dependencies = (
			);
			name = "Navigation Stacks";
			productName = "Navigation Stacks";
			productReference = 50C327D72988338200ED324F /* Navigation Stacks.app */;
			productType = "com.apple.product-type.application";
		};
		50C327E62988338300ED324F /* Navigation StacksTests */ = {
			isa = PBXNativeTarget;
			buildConfigurationList = 50C327FE2988338300ED324F /* Build configuration list for PBXNativeTarget "Navigation StacksTests" */;
			buildPhases = (
				50C327E32988338300ED324F /* Sources */,
				50C327E42988338300ED324F /* Frameworks */,
				50C327E52988338300ED324F /* Resources */,
			);
			buildRules = (
			);
			dependencies = (
				50C327E92988338300ED324F /* PBXTargetDependency */,
			);
			name = "Navigation StacksTests";
			productName = "Navigation StacksTests";
			productReference = 50C327E72988338300ED324F /* Navigation StacksTests.xctest */;
			productType = "com.apple.product-type.bundle.unit-test";
		};
		50C327F02988338300ED324F /* Navigation StacksUITests */ = {
			isa = PBXNativeTarget;
			buildConfigurationList = 50C328012988338300ED324F /* Build configuration list for PBXNativeTarget "Navigation StacksUITests" */;
			buildPhases = (
				50C327ED2988338300ED324F /* Sources */,
				50C327EE2988338300ED324F /* Frameworks */,
				50C327EF2988338300ED324F /* Resources */,
			);
			buildRules = (
			);
			dependencies = (
				50C327F32988338300ED324F /* PBXTargetDependency */,
			);
			name = "Navigation StacksUITests";
			productName = "Navigation StacksUITests";
			productReference = 50C327F12988338300ED324F /* Navigation StacksUITests.xctest */;
			productType = "com.apple.product-type.bundle.ui-testing";
		};
/* End PBXNativeTarget section */

/* Begin PBXProject section */
		50C327CF2988338200ED324F /* Project object */ = {
			isa = PBXProject;
			attributes = {
				BuildIndependentTargetsInParallel = 1;
				LastSwiftUpdateCheck = 1420;
				LastUpgradeCheck = 1420;
				TargetAttributes = {
					50C327D62988338200ED324F = {
						CreatedOnToolsVersion = 14.2;
					};
					50C327E62988338300ED324F = {
						CreatedOnToolsVersion = 14.2;
						TestTargetID = 50C327D62988338200ED324F;
					};
					50C327F02988338300ED324F = {
						CreatedOnToolsVersion = 14.2;
						TestTargetID = 50C327D62988338200ED324F;
					};
				};
			};
			buildConfigurationList = 50C327D22988338200ED324F /* Build configuration list for PBXProject "Navigation Stacks" */;
			compatibilityVersion = "Xcode 14.0";
			developmentRegion = en;
			hasScannedForEncodings = 0;
			knownRegions = (
				en,
				Base,
			);
			mainGroup = 50C327CE2988338200ED324F;
			productRefGroup = 50C327D82988338200ED324F /* Products */;
			projectDirPath = "";
			projectRoot = "";
			targets = (
				50C327D62988338200ED324F /* Navigation Stacks */,
				50C327E62988338300ED324F /* Navigation StacksTests */,
				50C327F02988338300ED324F /* Navigation StacksUITests */,
			);
		};
/* End PBXProject section */

/* Begin PBXResourcesBuildPhase section */
		50C327D52988338200ED324F /* Resources */ = {
			isa = PBXResourcesBuildPhase;
			buildActionMask = 2147483647;
			files = (
				50C327E22988338300ED324F /* Preview Assets.xcassets in Resources */,
				50C327DF2988338300ED324F /* Assets.xcassets in Resources */,
			);
			runOnlyForDeploymentPostprocessing = 0;
		};
		50C327E52988338300ED324F /* Resources */ = {
			isa = PBXResourcesBuildPhase;
			buildActionMask = 2147483647;
			files = (
			);
			runOnlyForDeploymentPostprocessing = 0;
		};
		50C327EF2988338300ED324F /* Resources */ = {
			isa = PBXResourcesBuildPhase;
			buildActionMask = 2147483647;
			files = (
			);
			runOnlyForDeploymentPostprocessing = 0;
		};
/* End PBXResourcesBuildPhase section */

/* Begin PBXSourcesBuildPhase section */
		50C327D32988338200ED324F /* Sources */ = {
			isa = PBXSourcesBuildPhase;
			buildActionMask = 2147483647;
			files = (
				50C327DD2988338200ED324F /* ContentView.swift in Sources */,
				50C327DB2988338200ED324F /* Navigation_StacksApp.swift in Sources */,
			);
			runOnlyForDeploymentPostprocessing = 0;
		};
		50C327E32988338300ED324F /* Sources */ = {
			isa = PBXSourcesBuildPhase;
			buildActionMask = 2147483647;
			files = (
				50C327EC2988338300ED324F /* Navigation_StacksTests.swift in Sources */,
			);
			runOnlyForDeploymentPostprocessing = 0;
		};
		50C327ED2988338300ED324F /* Sources */ = {
			isa = PBXSourcesBuildPhase;
			buildActionMask = 2147483647;
			files = (
				50C327F62988338300ED324F /* Navigation_StacksUITests.swift in Sources */,
				50C327F82988338300ED324F /* Navigation_StacksUITestsLaunchTests.swift in Sources */,
			);
			runOnlyForDeploymentPostprocessing = 0;
		};
/* End PBXSourcesBuildPhase section */

/* Begin PBXTargetDependency section */
		50C327E92988338300ED324F /* PBXTargetDependency */ = {
			isa = PBXTargetDependency;
			target = 50C327D62988338200ED324F /* Navigation Stacks */;
			targetProxy = 50C327E82988338300ED324F /* PBXContainerItemProxy */;
		};
		50C327F32988338300ED324F /* PBXTargetDependency */ = {
			isa = PBXTargetDependency;
			target = 50C327D62988338200ED324F /* Navigation Stacks */;
			targetProxy = 50C327F22988338300ED324F /* PBXContainerItemProxy */;
		};
/* End PBXTargetDependency section */

/* Begin XCBuildConfiguration section */
		50C327F92988338300ED324F /* Debug */ = {
			isa = XCBuildConfiguration;
			buildSettings = {
				ALWAYS_SEARCH_USER_PATHS = NO;
				CLANG_ANALYZER_NONNULL = YES;
				CLANG_ANALYZER_NUMBER_OBJECT_CONVERSION = YES_AGGRESSIVE;
				CLANG_CXX_LANGUAGE_STANDARD = "gnu++20";
				CLANG_ENABLE_MODULES = YES;
				CLANG_ENABLE_OBJC_ARC = YES;
				CLANG_ENABLE_OBJC_WEAK = YES;
				CLANG_WARN_BLOCK_CAPTURE_AUTORELEASING = YES;
				CLANG_WARN_BOOL_CONVERSION = YES;
				CLANG_WARN_COMMA = YES;
				CLANG_WARN_CONSTANT_CONVERSION = YES;
				CLANG_WARN_DEPRECATED_OBJC_IMPLEMENTATIONS = YES;
				CLANG_WARN_DIRECT_OBJC_ISA_USAGE = YES_ERROR;
				CLANG_WARN_DOCUMENTATION_COMMENTS = YES;
				CLANG_WARN_EMPTY_BODY = YES;
				CLANG_WARN_ENUM_CONVERSION = YES;
				CLANG_WARN_INFINITE_RECURSION = YES;
				CLANG_WARN_INT_CONVERSION = YES;
				CLANG_WARN_NON_LITERAL_NULL_CONVERSION = YES;
				CLANG_WARN_OBJC_IMPLICIT_RETAIN_SELF = YES;
				CLANG_WARN_OBJC_LITERAL_CONVERSION = YES;
				CLANG_WARN_OBJC_ROOT_CLASS = YES_ERROR;
				CLANG_WARN_QUOTED_INCLUDE_IN_FRAMEWORK_HEADER = YES;
				CLANG_WARN_RANGE_LOOP_ANALYSIS = YES;
				CLANG_WARN_STRICT_PROTOTYPES = YES;
				CLANG_WARN_SUSPICIOUS_MOVE = YES;
				CLANG_WARN_UNGUARDED_AVAILABILITY = YES_AGGRESSIVE;
				CLANG_WARN_UNREACHABLE_CODE = YES;
				CLANG_WARN__DUPLICATE_METHOD_MATCH = YES;
				COPY_PHASE_STRIP = NO;
				DEBUG_INFORMATION_FORMAT = dwarf;
				ENABLE_STRICT_OBJC_MSGSEND = YES;
				ENABLE_TESTABILITY = YES;
				GCC_C_LANGUAGE_STANDARD = gnu11;
				GCC_DYNAMIC_NO_PIC = NO;
				GCC_NO_COMMON_BLOCKS = YES;
				GCC_OPTIMIZATION_LEVEL = 0;
				GCC_PREPROCESSOR_DEFINITIONS = (
					"DEBUG=1",
					"$(inherited)",
				);
				GCC_WARN_64_TO_32_BIT_CONVERSION = YES;
				GCC_WARN_ABOUT_RETURN_TYPE = YES_ERROR;
				GCC_WARN_UNDECLARED_SELECTOR = YES;
				GCC_WARN_UNINITIALIZED_AUTOS = YES_AGGRESSIVE;
				GCC_WARN_UNUSED_FUNCTION = YES;
				GCC_WARN_UNUSED_VARIABLE = YES;
				IPHONEOS_DEPLOYMENT_TARGET = 16.2;
				MTL_ENABLE_DEBUG_INFO = INCLUDE_SOURCE;
				MTL_FAST_MATH = YES;
				ONLY_ACTIVE_ARCH = YES;
				SDKROOT = iphoneos;
				SWIFT_ACTIVE_COMPILATION_CONDITIONS = DEBUG;
				SWIFT_OPTIMIZATION_LEVEL = "-Onone";
			};
			name = Debug;
		};
		50C327FA2988338300ED324F /* Release */ = {
			isa = XCBuildConfiguration;
			buildSettings = {
				ALWAYS_SEARCH_USER_PATHS = NO;
				CLANG_ANALYZER_NONNULL = YES;
				CLANG_ANALYZER_NUMBER_OBJECT_CONVERSION = YES_AGGRESSIVE;
				CLANG_CXX_LANGUAGE_STANDARD = "gnu++20";
				CLANG_ENABLE_MODULES = YES;
				CLANG_ENABLE_OBJC_ARC = YES;
				CLANG_ENABLE_OBJC_WEAK = YES;
				CLANG_WARN_BLOCK_CAPTURE_AUTORELEASING = YES;
				CLANG_WARN_BOOL_CONVERSION = YES;
				CLANG_WARN_COMMA = YES;
				CLANG_WARN_CONSTANT_CONVERSION = YES;
				CLANG_WARN_DEPRECATED_OBJC_IMPLEMENTATIONS = YES;
				CLANG_WARN_DIRECT_OBJC_ISA_USAGE = YES_ERROR;
				CLANG_WARN_DOCUMENTATION_COMMENTS = YES;
				CLANG_WARN_EMPTY_BODY = YES;
				CLANG_WARN_ENUM_CONVERSION = YES;
				CLANG_WARN_INFINITE_RECURSION = YES;
				CLANG_WARN_INT_CONVERSION = YES;
				CLANG_WARN_NON_LITERAL_NULL_CONVERSION = YES;
				CLANG_WARN_OBJC_IMPLICIT_RETAIN_SELF = YES;
				CLANG_WARN_OBJC_LITERAL_CONVERSION = YES;
				CLANG_WARN_OBJC_ROOT_CLASS = YES_ERROR;
				CLANG_WARN_QUOTED_INCLUDE_IN_FRAMEWORK_HEADER = YES;
				CLANG_WARN_RANGE_LOOP_ANALYSIS = YES;
				CLANG_WARN_STRICT_PROTOTYPES = YES;
				CLANG_WARN_SUSPICIOUS_MOVE = YES;
				CLANG_WARN_UNGUARDED_AVAILABILITY = YES_AGGRESSIVE;
				CLANG_WARN_UNREACHABLE_CODE = YES;
				CLANG_WARN__DUPLICATE_METHOD_MATCH = YES;
				COPY_PHASE_STRIP = NO;
				DEBUG_INFORMATION_FORMAT = "dwarf-with-dsym";
				ENABLE_NS_ASSERTIONS = NO;
				ENABLE_STRICT_OBJC_MSGSEND = YES;
				GCC_C_LANGUAGE_STANDARD = gnu11;
				GCC_NO_COMMON_BLOCKS = YES;
				GCC_WARN_64_TO_32_BIT_CONVERSION = YES;
				GCC_WARN_ABOUT_RETURN_TYPE = YES_ERROR;
				GCC_WARN_UNDECLARED_SELECTOR = YES;
				GCC_WARN_UNINITIALIZED_AUTOS = YES_AGGRESSIVE;
				GCC_WARN_UNUSED_FUNCTION = YES;
				GCC_WARN_UNUSED_VARIABLE = YES;
				IPHONEOS_DEPLOYMENT_TARGET = 16.2;
				MTL_ENABLE_DEBUG_INFO = NO;
				MTL_FAST_MATH = YES;
				SDKROOT = iphoneos;
				SWIFT_COMPILATION_MODE = wholemodule;
				SWIFT_OPTIMIZATION_LEVEL = "-O";
				VALIDATE_PRODUCT = YES;
			};
			name = Release;
		};
		50C327FC2988338300ED324F /* Debug */ = {
			isa = XCBuildConfiguration;
			buildSettings = {
				ASSETCATALOG_COMPILER_APPICON_NAME = AppIcon;
				ASSETCATALOG_COMPILER_GLOBAL_ACCENT_COLOR_NAME = AccentColor;
				CODE_SIGN_STYLE = Automatic;
				CURRENT_PROJECT_VERSION = 1;
				DEVELOPMENT_ASSET_PATHS = "\"Navigation Stacks/Preview Content\"";
				DEVELOPMENT_TEAM = W59W3QVKXJ;
				ENABLE_PREVIEWS = YES;
				GENERATE_INFOPLIST_FILE = YES;
				INFOPLIST_KEY_UIApplicationSceneManifest_Generation = YES;
				INFOPLIST_KEY_UIApplicationSupportsIndirectInputEvents = YES;
				INFOPLIST_KEY_UILaunchScreen_Generation = YES;
				INFOPLIST_KEY_UISupportedInterfaceOrientations_iPad = "UIInterfaceOrientationPortrait UIInterfaceOrientationPortraitUpsideDown UIInterfaceOrientationLandscapeLeft UIInterfaceOrientationLandscapeRight";
				INFOPLIST_KEY_UISupportedInterfaceOrientations_iPhone = "UIInterfaceOrientationPortrait UIInterfaceOrientationLandscapeLeft UIInterfaceOrientationLandscapeRight";
				LD_RUNPATH_SEARCH_PATHS = (
					"$(inherited)",
					"@executable_path/Frameworks",
				);
				MARKETING_VERSION = 1.0;
				PRODUCT_BUNDLE_IDENTIFIER = "com.mtndev.Navigation-Stacks";
				PRODUCT_NAME = "$(TARGET_NAME)";
				SWIFT_EMIT_LOC_STRINGS = YES;
				SWIFT_VERSION = 5.0;
				TARGETED_DEVICE_FAMILY = "1,2";
			};
			name = Debug;
		};
		50C327FD2988338300ED324F /* Release */ = {
			isa = XCBuildConfiguration;
			buildSettings = {
				ASSETCATALOG_COMPILER_APPICON_NAME = AppIcon;
				ASSETCATALOG_COMPILER_GLOBAL_ACCENT_COLOR_NAME = AccentColor;
				CODE_SIGN_STYLE = Automatic;
				CURRENT_PROJECT_VERSION = 1;
				DEVELOPMENT_ASSET_PATHS = "\"Navigation Stacks/Preview Content\"";
				DEVELOPMENT_TEAM = W59W3QVKXJ;
				ENABLE_PREVIEWS = YES;
				GENERATE_INFOPLIST_FILE = YES;
				INFOPLIST_KEY_UIApplicationSceneManifest_Generation = YES;
				INFOPLIST_KEY_UIApplicationSupportsIndirectInputEvents = YES;
				INFOPLIST_KEY_UILaunchScreen_Generation = YES;
				INFOPLIST_KEY_UISupportedInterfaceOrientations_iPad = "UIInterfaceOrientationPortrait UIInterfaceOrientationPortraitUpsideDown UIInterfaceOrientationLandscapeLeft UIInterfaceOrientationLandscapeRight";
				INFOPLIST_KEY_UISupportedInterfaceOrientations_iPhone = "UIInterfaceOrientationPortrait UIInterfaceOrientationLandscapeLeft UIInterfaceOrientationLandscapeRight";
				LD_RUNPATH_SEARCH_PATHS = (
					"$(inherited)",
					"@executable_path/Frameworks",
				);
				MARKETING_VERSION = 1.0;
				PRODUCT_BUNDLE_IDENTIFIER = "com.mtndev.Navigation-Stacks";
				PRODUCT_NAME = "$(TARGET_NAME)";
				SWIFT_EMIT_LOC_STRINGS = YES;
				SWIFT_VERSION = 5.0;
				TARGETED_DEVICE_FAMILY = "1,2";
			};
			name = Release;
		};
		50C327FF2988338300ED324F /* Debug */ = {
			isa = XCBuildConfiguration;
			buildSettings = {
				ALWAYS_EMBED_SWIFT_STANDARD_LIBRARIES = YES;
				BUNDLE_LOADER = "$(TEST_HOST)";
				CODE_SIGN_STYLE = Automatic;
				CURRENT_PROJECT_VERSION = 1;
				DEVELOPMENT_TEAM = W59W3QVKXJ;
				GENERATE_INFOPLIST_FILE = YES;
				IPHONEOS_DEPLOYMENT_TARGET = 16.2;
				MARKETING_VERSION = 1.0;
				PRODUCT_BUNDLE_IDENTIFIER = "com.mtndev.Navigation-StacksTests";
				PRODUCT_NAME = "$(TARGET_NAME)";
				SWIFT_EMIT_LOC_STRINGS = NO;
				SWIFT_VERSION = 5.0;
				TARGETED_DEVICE_FAMILY = "1,2";
				TEST_HOST = "$(BUILT_PRODUCTS_DIR)/Navigation Stacks.app/$(BUNDLE_EXECUTABLE_FOLDER_PATH)/Navigation Stacks";
			};
			name = Debug;
		};
		50C328002988338300ED324F /* Release */ = {
			isa = XCBuildConfiguration;
			buildSettings = {
				ALWAYS_EMBED_SWIFT_STANDARD_LIBRARIES = YES;
				BUNDLE_LOADER = "$(TEST_HOST)";
				CODE_SIGN_STYLE = Automatic;
				CURRENT_PROJECT_VERSION = 1;
				DEVELOPMENT_TEAM = W59W3QVKXJ;
				GENERATE_INFOPLIST_FILE = YES;
				IPHONEOS_DEPLOYMENT_TARGET = 16.2;
				MARKETING_VERSION = 1.0;
				PRODUCT_BUNDLE_IDENTIFIER = "com.mtndev.Navigation-StacksTests";
				PRODUCT_NAME = "$(TARGET_NAME)";
				SWIFT_EMIT_LOC_STRINGS = NO;
				SWIFT_VERSION = 5.0;
				TARGETED_DEVICE_FAMILY = "1,2";
				TEST_HOST = "$(BUILT_PRODUCTS_DIR)/Navigation Stacks.app/$(BUNDLE_EXECUTABLE_FOLDER_PATH)/Navigation Stacks";
			};
			name = Release;
		};
		50C328022988338300ED324F /* Debug */ = {
			isa = XCBuildConfiguration;
			buildSettings = {
				ALWAYS_EMBED_SWIFT_STANDARD_LIBRARIES = YES;
				CODE_SIGN_STYLE = Automatic;
				CURRENT_PROJECT_VERSION = 1;
				DEVELOPMENT_TEAM = W59W3QVKXJ;
				GENERATE_INFOPLIST_FILE = YES;
				MARKETING_VERSION = 1.0;
				PRODUCT_BUNDLE_IDENTIFIER = "com.mtndev.Navigation-StacksUITests";
				PRODUCT_NAME = "$(TARGET_NAME)";
				SWIFT_EMIT_LOC_STRINGS = NO;
				SWIFT_VERSION = 5.0;
				TARGETED_DEVICE_FAMILY = "1,2";
				TEST_TARGET_NAME = "Navigation Stacks";
			};
			name = Debug;
		};
		50C328032988338300ED324F /* Release */ = {
			isa = XCBuildConfiguration;
			buildSettings = {
				ALWAYS_EMBED_SWIFT_STANDARD_LIBRARIES = YES;
				CODE_SIGN_STYLE = Automatic;
				CURRENT_PROJECT_VERSION = 1;
				DEVELOPMENT_TEAM = W59W3QVKXJ;
				GENERATE_INFOPLIST_FILE = YES;
				MARKETING_VERSION = 1.0;
				PRODUCT_BUNDLE_IDENTIFIER = "com.mtndev.Navigation-StacksUITests";
				PRODUCT_NAME = "$(TARGET_NAME)";
				SWIFT_EMIT_LOC_STRINGS = NO;
				SWIFT_VERSION = 5.0;
				TARGETED_DEVICE_FAMILY = "1,2";
				TEST_TARGET_NAME = "Navigation Stacks";
			};
			name = Release;
		};
/* End XCBuildConfiguration section */

/* Begin XCConfigurationList section */
		50C327D22988338200ED324F /* Build configuration list for PBXProject "Navigation Stacks" */ = {
			isa = XCConfigurationList;
			buildConfigurations = (
				50C327F92988338300ED324F /* Debug */,
				50C327FA2988338300ED324F /* Release */,
			);
			defaultConfigurationIsVisible = 0;
			defaultConfigurationName = Release;
		};
		50C327FB2988338300ED324F /* Build configuration list for PBXNativeTarget "Navigation Stacks" */ = {
			isa = XCConfigurationList;
			buildConfigurations = (
				50C327FC2988338300ED324F /* Debug */,
				50C327FD2988338300ED324F /* Release */,
			);
			defaultConfigurationIsVisible = 0;
			defaultConfigurationName = Release;
		};
		50C327FE2988338300ED324F /* Build configuration list for PBXNativeTarget "Navigation StacksTests" */ = {
			isa = XCConfigurationList;
			buildConfigurations = (
				50C327FF2988338300ED324F /* Debug */,
				50C328002988338300ED324F /* Release */,
			);
			defaultConfigurationIsVisible = 0;
			defaultConfigurationName = Release;
		};
		50C328012988338300ED324F /* Build configuration list for PBXNativeTarget "Navigation StacksUITests" */ = {
			isa = XCConfigurationList;
			buildConfigurations = (
				50C328022988338300ED324F /* Debug */,
				50C328032988338300ED324F /* Release */,
			);
			defaultConfigurationIsVisible = 0;
			defaultConfigurationName = Release;
		};
/* End XCConfigurationList section */
	};
	rootObject = 50C327CF2988338200ED324F /* Project object */;
}
